
Microsoft Visual Studio Solution File, Format Version 12.00
# Visual Studio 2017
Project("{FAE04EC0-301F-11D3-BF4B-00C04F79EFBC}") = "ProceduralMap", "ProceduralMap.csproj", "{BF53DA73-986E-18D0-B369-18A4BBB22DD6}"
EndProject
Global
	GlobalSection(SolutionConfigurationPlatforms) = preSolution
		Debug|Any CPU = Debug|Any CPU
		Release|Any CPU = Release|Any CPU
	EndGlobalSection
	GlobalSection(ProjectConfigurationPlatforms) = postSolution
		{BF53DA73-986E-18D0-B369-18A4BBB22DD6}.Debug|Any CPU.ActiveCfg = Debug|Any CPU
		{BF53DA73-986E-18D0-B369-18A4BBB22DD6}.Debug|Any CPU.Build.0 = Debug|Any CPU
		{BF53DA73-986E-18D0-B369-18A4BBB22DD6}.Release|Any CPU.ActiveCfg = Release|Any CPU
		{BF53DA73-986E-18D0-B369-18A4BBB22DD6}.Release|Any CPU.Build.0 = Release|Any CPU
	EndGlobalSection
	GlobalSection(SolutionProperties) = preSolution
		HideSolutionNode = FALSE
	EndGlobalSection
EndGlobal
